// !$*UTF8*$!
{
	archiveVersion = 1;
	classes = {
	};
	objectVersion = 77;
	objects = {

/* Begin PBXFileReference section */
		94F76E5A301AB72F00EB852B /* LDO system ufo tracker.app */ = {isa = PBXFileReference; explicitFileType = wrapper.application; includeInIndex = 0; path = "LDO system ufo tracker.app"; sourceTree = BUILT_PRODUCTS_DIR; };
/* End PBXFileReference section */

/* Begin PBXFileSystemSynchronizedRootGroup section */
		94F76E5C301AB72F00EB852B /* LDO system ufo tracker */ = {
			isa = PBXFileSystemSynchronizedRootGroup;
			path = "LDO system ufo tracker";
			sourceTree = "<group>";
		};
/* End PBXFileSystemSynchronizedRootGroup section */

/* Begin PBXFrameworksBuildPhase section */
		94F76E57301AB72F00EB852B /* Frameworks */ = {
			isa = PBXFrameworksBuildPhase;
			buildActionMask = 2147483647;
			files = (
			);
			runOnlyForDeploymentPostprocessing = 0;
		};
/* End PBXFrameworksBuildPhase section */

/* Begin PBXGroup section */
		94F76E51301AB72F00EB852B = {
			isa = PBXGroup;
			children = (
				94F76E5C301AB72F00EB852B /* LDO system ufo tracker */,
				94F76E5B301AB72F00EB852B /* Products */,
			);
			sourceTree = "<group>";
		};
		94F76E5B301AB72F00EB852B /* Products */ = {
			isa = PBXGroup;
			children = (
				94F76E5A301AB72F00EB852B /* LDO system ufo tracker.app */,
			);
			name = Products;
			sourceTree = "<group>";
		};
/* End PBXGroup section */

/* Begin PBXNativeTarget section */
		94F76E59301AB72F00EB852B /* LDO system ufo tracker */ = {
			isa = PBXNativeTarget;
			buildConfigurationList = 94F76E65301AB73000EB852B /* Build configuration list for PBXNativeTarget "LDO system ufo tracker" */;
			buildPhases = (
				94F76E56301AB72F00EB852B /* Sources */,
				94F76E57301AB72F00EB852B /* Frameworks */,
				94F76E58301AB72F00EB852B /* Resources */,
			);
			buildRules = (
			);
			dependencies = (
			);
			fileSystemSynchronizedGroups = (
				94F76E5C301AB72F00EB852B /* LDO system ufo tracker */,
			);
			name = "LDO system ufo tracker";
			packageProductDependencies = (
			);
			productName = "LDO system ufo tracker";
			productReference = 94F76E5A301AB72F00EB852B /* LDO system ufo tracker.app */;
			productType = "com.apple.product-type.application";
		};
/* End PBXNativeTarget section */

/* Begin PBXProject section */
		94F76E52301AB72F00EB852B /* Project object */ = {
			isa = PBXProject;
			attributes = {
				BuildIndependentTargetsInParallel = 1;
				LastSwiftUpdateCheck = 2660;
				LastUpgradeCheck = 2660;
				TargetAttributes = {
					94F76E59301AB72F00EB852B = {
						CreatedOnToolsVersion = 26.6;
					};
				};
			};
			buildConfigurationList = 94F76E55301AB72F00EB852B /* Build configuration list for PBXProject "LDO system ufo tracker" */;
			developmentRegion = en;
			hasScannedForEncodings = 0;
			knownRegions = (
				en,
				Base,
			);
			mainGroup = 94F76E51301AB72F00EB852B;
			minimizedProjectReferenceProxies = 1;
			preferredProjectObjectVersion = 77;
			productRefGroup = 94F76E5B301AB72F00EB852B /* Products */;
			projectDirPath = "";
			projectRoot = "";
			targets = (
				94F76E59301AB72F00EB852B /* LDO system ufo tracker */,
			);
		};
/* End PBXProject section */

/* Begin PBXResourcesBuildPhase section */
		94F76E58301AB72F00EB852B /* Resources */ = {
			isa = PBXResourcesBuildPhase;
			buildActionMask = 2147483647;
			files = (
			);
			runOnlyForDeploymentPostprocessing = 0;
		};
/* End PBXResourcesBuildPhase section */

/* Begin PBXSourcesBuildPhase section */
		94F76E56301AB72F00EB852B /* Sources */ = {
			isa = PBXSourcesBuildPhase;
			buildActionMask = 2147483647;
			files = (
			);
			runOnlyForDeploymentPostprocessing = 0;
		};
/* End PBXSourcesBuildPhase section */

/* Begin XCBuildConfiguration section */
		94F76E63301AB73000EB852B /* Debug */ = {
			isa = XCBuildConfiguration;
			buildSettings = {
				ALWAYS_SEARCH_USER_PATHS = NO;
				ASSETCATALOG_COMPILER_GENERATE_SWIFT_ASSET_SYMBOL_EXTENSIONS = YES;
				CLANG_ANALYZER_NONNULL = YES;
				CLANG_ANALYZER_NUMBER_OBJECT_CO
